
Microsoft Visual Studio Solution File, Format Version 12.00
# Visual Studio Version 17
VisualStudioVersion = 17.4.33213.308
MinimumVisualStudioVersion = 10.0.40219.1
Project("{FAE04EC0-301F-11D3-BF4B-00C04F79EFBC}") = "MyFirstApp", "MyFirstApp\MyFirstApp.csproj", "{0F4FE75C-FE45-495A-90F3-E7113EA2E404}"
EndProject
Global
	GlobalSection(SolutionConfigurationPlatforms) = preSolution
		Debug|Any CPU = Debug|Any CPU
		Release|Any CPU = Release|Any CPU
	EndGlobalSection
	GlobalSection(ProjectConfigurationPlatforms) = postSolution
		{0F4FE75C-FE45-495A-90F3-E7113EA2E404}.Debug|Any CPU.ActiveCfg = Debug|Any CPU
		{0F4FE75C-FE45-495A-90F3-E7113EA2E404}.Debug|Any CPU.Build.0 = Debug|Any CPU
		{0F4FE75C-FE45-495A-90F3-E7113EA2E404}.Release|Any CPU.ActiveCfg = Release|Any CPU
		{0F4FE75C-FE45-495A-90F3-E7113EA2E404}.Release|Any CPU.Build.0 = Release|Any CPU
	EndGlobalSection
	GlobalSection(SolutionProperties) = preSolution
		HideSolutionNode = FALSE
	EndGlobalSection
	GlobalSection(ExtensibilityGlobals) = postSolution
		SolutionGuid = {F3355623-5111-40DA-9438-1107E84E39CF}
	EndGlobalSection
EndGlobal
